
Microsoft Visual Studio Solution File, Format Version 12.00
# Visual Studio Version 17
VisualStudioVersion = 17.3.32825.248
MinimumVisualStudioVersion = 10.0.40219.1
Project("{9A19103F-16F7-4668-BE54-9A1E7A4F7556}") = "WordPasswordBruteForce", "WordPasswordBruteForce.csproj", "{E64912AE-ED9D-42CC-BD2E-B22671504595}"
EndProject
Global
	GlobalSection(SolutionConfigurationPlatforms) = preSolution
		Debug|Any CPU = Debug|Any CPU
		Release|Any CPU = Release|Any CPU
	EndGlobalSection
	GlobalSection(ProjectConfigurationPlatforms) = postSolution
		{E64912AE-ED9D-42CC-BD2E-B22671504595}.Debug|Any CPU.ActiveCfg = Debug|Any CPU
		{E64912AE-ED9D-42CC-BD2E-B22671504595}.Debug|Any CPU.Build.0 = Debug|Any CPU
		{E64912AE-ED9D-42CC-BD2E-B22671504595}.Release|Any CPU.ActiveCfg = Release|Any CPU
		{E64912AE-ED9D-42CC-BD2E-B22671504595}.Release|Any CPU.Build.0 = Release|Any CPU
	EndGlobalSection
	GlobalSection(SolutionProperties) = preSolution
		HideSolutionNode = FALSE
	EndGlobalSection
	GlobalSection(ExtensibilityGlobals) = postSolution
		SolutionGuid = {15A75876-A0C6-4C54-85D0-F80377C6D0B9}
	EndGlobalSection
EndGlobal
